{
  "version": 4,
  "terraform_version": "1.15.6",
  "serial": 3,
  "lineage": "b8abaf08-09dd-1dcb-43f6-d2688f168d61",
  "outputs": {
    "My_Project_ID": {
      "value": "Hello",
      "type": "string"
    }
  },
  "resources": [
    {
      "mode": "managed",
      "type": "google_service_account",
      "name": "service_account",
      "provider": "provider[\"registry.terraform.io/hashicorp/google\"]",
      "instances": [
        {
          "schema_version": 0,
          "attributes": {
            "account_id": "temp-tf-sa",
            "create_ignore_already_exists": null,
            "deletion_policy": "DELETE",
            "description": "",
            "disabled": false,
            "display_name": "Temporary Service Account for Terraform",
            "email": "temp-tf-sa@c-gcp-project.iam.gserviceaccount.com",
            "id": "projects/c-gcp-project/serviceAccounts/temp-tf-sa@c-gcp-project.iam.gserviceaccount.com",
            "member": "serviceAccount:temp-tf-sa@c-gcp-project.iam.gserviceaccount.com",
            "name": "projects/c-gcp-project/serviceAccounts/temp-tf-sa@c-gcp-project.iam.gserviceaccount.com",
            "project": "c-gcp-project",
            "timeouts": null,
            "unique_id": "113881883618709945592"
          },
          "sensitive_attributes": [],
          "identity_schema_version": 1,
          "identity": {
            "email": "temp-tf-sa@c-gcp-project.iam.gserviceaccount.com",
            "project": "c-gcp-project"
          },
          "private": "eyJlMmJmYjczMC1lY2FhLTExZTYtOGY4OC0zNDM2M2JjN2M0YzAiOnsiY3JlYXRlIjozMDAwMDAwMDAwMDB9fQ=="
        }
      ]
    }
  ],
  "check_results": null
}
