{
  "version": 4,
  "terraform_version": "1.15.6",
  "serial": 44,
  "lineage": "947f50d6-4ef6-d09d-5739-f94f572a499f",
  "outputs": {},
  "resources": [
    {
      "mode": "data",
      "type": "google_compute_image",
      "name": "centos_image",
      "provider": "provider[\"registry.terraform.io/hashicorp/google\"]",
      "instances": [
        {
          "schema_version": 0,
          "attributes": {
            "archive_size_bytes": 2669416704,
            "creation_timestamp": "2026-06-10T14:59:43.959-07:00",
            "description": "CentOS, CentOS, Stream 10, x86_64 built on 20260609",
            "disk_size_gb": 20,
            "family": "centos-stream-10",
            "filter": null,
            "id": "projects/centos-cloud/global/images/centos-stream-10-v20260609",
            "image_encryption_key_sha256": "",
            "image_id": "217507171351683232",
            "label_fingerprint": "iNBmVNCFF9w=",
            "labels": {
              "public-image": "true"
            },
            "licenses": [
              "https://www.googleapis.com/compute/v1/projects/centos-cloud/global/licenses/centos-stream-10"
            ],
            "most_recent": false,
            "name": "centos-stream-10-v20260609",
            "project": "centos-cloud",
            "self_link": "https://www.googleapis.com/compute/v1/projects/centos-cloud/global/images/centos-stream-10-v20260609",
            "source_disk": "",
            "source_disk_encryption_key_sha256": "",
            "source_disk_id": "",
            "source_image_id": "",
            "status": "READY"
          },
          "sensitive_attributes": [],
          "identity_schema_version": 0
        }
      ]
    },
    {
      "mode": "managed",
      "type": "google_compute_firewall",
      "name": "firewall_rule_allow_iap_ssh",
      "provider": "provider[\"registry.terraform.io/hashicorp/google\"]",
      "instances": [
        {
          "schema_version": 1,
          "attributes": {
            "allow": [
              {
                "ports": [
                  "22"
                ],
                "protocol": "tcp"
              }
            ],
            "creation_timestamp": "2026-08-05T19:52:20.242-07:00",
            "deletion_policy": "DELETE",
            "deny": [],
            "description": "",
            "destination_ranges": [],
            "direction": "INGRESS",
            "disabled": false,
            "enable_logging": null,
            "id": "projects/c-gcp-project/global/firewalls/c-temp-vpc-tf-allow-iap-ssh",
            "log_config": [],
            "name": "c-temp-vpc-tf-allow-iap-ssh",
            "network": "https://www.googleapis.com/compute/v1/projects/c-gcp-project/global/networks/c-temp-vpc-tf",
            "params": [],
            "priority": 1000,
            "project": "c-gcp-project",
            "self_link": "https://www.googleapis.com/compute/v1/projects/c-gcp-project/global/firewalls/c-temp-vpc-tf-allow-iap-ssh",
            "source_ranges": [
              "35.235.240.0/20"
            ],
            "source_service_accounts": null,
            "source_tags": null,
            "target_service_accounts": null,
            "target_tags": null,
            "timeouts": null
          },
          "sensitive_attributes": [],
          "identity_schema_version": 1,
          "identity": {
            "name": "c-temp-vpc-tf-allow-iap-ssh",
            "project": "c-gcp-project"
          },
          "private": "eyJlMmJmYjczMC1lY2FhLTExZTYtOGY4OC0zNDM2M2JjN2M0YzAiOnsiY3JlYXRlIjoxMjAwMDAwMDAwMDAwLCJkZWxldGUiOjEyMDAwMDAwMDAwMDAsInVwZGF0ZSI6MTIwMDAwMDAwMDAwMH0sInNjaGVtYV92ZXJzaW9uIjoiMSJ9",
          "dependencies": [
            "google_compute_network.vpc_network"
          ]
        }
      ]
    },
    {
      "mode": "managed",
      "type": "google_compute_instance",
      "name": "primary_instance",
      "provider": "provider[\"registry.terraform.io/hashicorp/google\"]",
      "instances": [
        {
          "schema_version": 6,
          "attributes": {
            "advanced_machine_features": [],
            "allow_stopping_for_update": null,
            "attached_disk": [],
            "boot_disk": [
              {
                "auto_delete": true,
                "device_name": "persistent-disk-0",
                "disk_encryption_key_raw": "",
                "disk_encryption_key_rsa": "",
                "disk_encryption_key_sha256": "",
                "disk_encryption_service_account": "",
                "force_attach": false,
                "guest_os_features": [
                  "UEFI_COMPATIBLE",
                  "VIRTIO_SCSI_MULTIQUEUE",
                  "SEV_CAPABLE",
                  "SEV_SNP_CAPABLE",
                  "SEV_LIVE_MIGRATABLE",
                  "SEV_LIVE_MIGRATABLE_V2",
                  "GVNIC",
                  "IDPF",
                  "TDX_CAPABLE"
                ],
                "initialize_params": [
                  {
                    "architecture": "X86_64",
                    "enable_confidential_compute": false,
                    "image": "https://www.googleapis.com/compute/v1/projects/centos-cloud/global/images/centos-stream-10-v20260609",
                    "labels": {},
                    "provisioned_iops": 0,
                    "provisioned_throughput": 0,
                    "replica_zones": null,
                    "resource_manager_tags": null,
                    "resource_policies": [],
                    "size": 25,
                    "snapshot": "",
                    "source_image_encryption_key": [],
                    "source_snapshot_encryption_key": [],
                    "storage_pool": "",
                    "type": "pd-balanced"
                  }
                ],
                "interface": "",
                "kms_key_self_link": "",
                "mode": "READ_WRITE",
                "source": "https://www.googleapis.com/compute/v1/projects/c-gcp-project/zones/asia-southeast2-a/disks/c-temp-tf-instance"
              }
            ],
            "can_ip_forward": false,
            "confidential_instance_config": null,
            "cpu_platform": "Intel Broadwell",
            "creation_timestamp": "2026-08-05T19:52:42.341-07:00",
            "current_status": "RUNNING",
            "deletion_policy": "DELETE",
            "deletion_protection": false,
            "description": "",
            "desired_status": null,
            "effective_labels": {
              "goog-terraform-provisioned": "true"
            },
            "enable_display": false,
            "guest_accelerator": [],
            "hostname": "",
            "id": "projects/c-gcp-project/zones/asia-southeast2-a/instances/c-temp-tf-instance",
            "instance_encryption_key": [],
            "instance_id": "7996893452197316629",
            "key_revocation_action_type": "",
            "label_fingerprint": "vezUS-42LLM=",
            "labels": null,
            "machine_type": "e2-micro",
            "metadata": null,
            "metadata_fingerprint": "zeY8G5zqgEs=",
            "metadata_startup_script": null,
            "min_cpu_platform": "",
            "name": "c-temp-tf-instance",
            "network_interface": [
              {
                "access_config": [],
                "alias_ip_range": [],
                "igmp_query": "",
                "internal_ipv6_prefix_length": 0,
                "ipv6_access_config": [],
                "ipv6_access_type": "",
                "ipv6_address": "",
                "name": "nic0",
                "network": "https://www.googleapis.com/compute/v1/projects/c-gcp-project/global/networks/c-temp-vpc-tf",
                "network_attachment": "",
                "network_ip": "10.0.0.2",
                "nic_type": "",
                "parent_nic_name": "",
                "queue_count": 0,
                "stack_type": "IPV4_ONLY",
                "subnetwork": "https://www.googleapis.com/compute/v1/projects/c-gcp-project/regions/asia-southeast2/subnetworks/c-temp-vpc-tf-ase2-subnet1",
                "subnetwork_project": "c-gcp-project",
                "vlan": 0
              }
            ],
            "network_performance_config": [],
            "params": [],
            "project": "c-gcp-project",
            "reservation_affinity": [],
            "resource_policies": null,
            "scheduling": [
              {
                "automatic_restart": true,
                "availability_domain": 0,
                "instance_termination_action": "",
                "local_ssd_recovery_timeout": [],
                "max_run_duration": [],
                "min_node_cpus": 0,
                "node_affinities": [],
                "on_host_maintenance": "MIGRATE",
                "on_instance_stop_action": [],
                "preemptible": false,
                "provisioning_model": "STANDARD",
                "termination_time": ""
              }
            ],
            "scratch_disk": [],
            "self_link": "https://www.googleapis.com/compute/v1/projects/c-gcp-project/zones/asia-southeast2-a/instances/c-temp-tf-instance",
            "service_account": [
              {
                "email": "c-temp-tf-sa@c-gcp-project.iam.gserviceaccount.com",
                "scopes": [
                  "https://www.googleapis.com/auth/cloud-platform"
                ]
              }
            ],
            "shielded_instance_config": [
              {
                "enable_integrity_monitoring": true,
                "enable_secure_boot": false,
                "enable_vtpm": true
              }
            ],
            "tags": null,
            "tags_fingerprint": "42WmSpB8rSM=",
            "terraform_labels": {
              "goog-terraform-provisioned": "true"
            },
            "timeouts": null,
            "zone": "asia-southeast2-a"
          },
          "sensitive_attributes": [
            [
              {
                "type": "get_attr",
                "value": "boot_disk"
              },
              {
                "type": "index",
                "value": {
                  "value": 0,
                  "type": "number"
                }
              },
              {
                "type": "get_attr",
                "value": "disk_encryption_key_raw"
              }
            ],
            [
              {
                "type": "get_attr",
                "value": "boot_disk"
              },
              {
                "type": "index",
                "value": {
                  "value": 0,
                  "type": "number"
                }
              },
              {
                "type": "get_attr",
                "value": "disk_encryption_key_rsa"
              }
            ]
          ],
          "identity_schema_version": 0,
          "private": "eyJlMmJmYjczMC1lY2FhLTExZTYtOGY4OC0zNDM2M2JjN2M0YzAiOnsiY3JlYXRlIjoxMjAwMDAwMDAwMDAwLCJkZWxldGUiOjEyMDAwMDAwMDAwMDAsInVwZGF0ZSI6MTIwMDAwMDAwMDAwMH0sInNjaGVtYV92ZXJzaW9uIjoiNiJ9",
          "dependencies": [
            "data.google_compute_image.centos_image",
            "google_compute_network.vpc_network",
            "google_compute_subnetwork.subnetwork",
            "google_service_account.primary_sa"
          ]
        }
      ]
    },
    {
      "mode": "managed",
      "type": "google_compute_network",
      "name": "vpc_network",
      "provider": "provider[\"registry.terraform.io/hashicorp/google\"]",
      "instances": [
        {
          "schema_version": 0,
          "attributes": {
            "auto_create_subnetworks": false,
            "bgp_always_compare_med": false,
            "bgp_best_path_selection_mode": "STANDARD",
            "bgp_inter_region_cost": "",
            "delete_bgp_always_compare_med": false,
            "delete_default_routes_on_create": false,
            "deletion_policy": "DELETE",
            "description": "",
            "enable_ula_internal_ipv6": false,
            "gateway_ipv4": "",
            "id": "projects/c-gcp-project/global/networks/c-temp-vpc-tf",
            "internal_ipv6_range": "",
            "mtu": 1460,
            "name": "c-temp-vpc-tf",
            "network_firewall_policy_enforcement_order": "AFTER_CLASSIC_FIREWALL",
            "network_id": "7503494756058417239",
            "network_profile": "",
            "numeric_id": "7503494756058417239",
            "params": [],
            "project": "c-gcp-project",
            "routing_mode": "REGIONAL",
            "self_link": "https://www.googleapis.com/compute/v1/projects/c-gcp-project/global/networks/c-temp-vpc-tf",
            "timeouts": null
          },
          "sensitive_attributes": [],
          "identity_schema_version": 1,
          "identity": {
            "name": "c-temp-vpc-tf",
            "project": "c-gcp-project"
          },
          "private": "eyJlMmJmYjczMC1lY2FhLTExZTYtOGY4OC0zNDM2M2JjN2M0YzAiOnsiY3JlYXRlIjoxMjAwMDAwMDAwMDAwLCJkZWxldGUiOjEyMDAwMDAwMDAwMDAsInVwZGF0ZSI6MTIwMDAwMDAwMDAwMH19"
        }
      ]
    },
    {
      "mode": "managed",
      "type": "google_compute_router",
      "name": "router",
      "provider": "provider[\"registry.terraform.io/hashicorp/google\"]",
      "instances": [
        {
          "schema_version": 0,
          "attributes": {
            "bgp": [
              {
                "advertise_mode": "DEFAULT",
                "advertised_groups": null,
                "advertised_ip_ranges": [],
                "asn": 64514,
                "identifier_range": "",
                "keepalive_interval": 20
              }
            ],
            "creation_timestamp": "2026-08-05T19:52:42.085-07:00",
            "deletion_policy": "DELETE",
            "description": "",
            "encrypted_interconnect_router": false,
            "id": "projects/c-gcp-project/regions/asia-southeast2/routers/c-temp-vpc-tf-router",
            "md5_authentication_keys": [],
            "name": "c-temp-vpc-tf-router",
            "network": "https://www.googleapis.com/compute/v1/projects/c-gcp-project/global/networks/c-temp-vpc-tf",
            "params": [],
            "project": "c-gcp-project",
            "region": "asia-southeast2",
            "self_link": "https://www.googleapis.com/compute/v1/projects/c-gcp-project/regions/asia-southeast2/routers/c-temp-vpc-tf-router",
            "timeouts": null
          },
          "sensitive_attributes": [],
          "identity_schema_version": 1,
          "identity": {
            "name": "c-temp-vpc-tf-router",
            "project": "c-gcp-project",
            "region": "asia-southeast2"
          },
          "private": "eyJlMmJmYjczMC1lY2FhLTExZTYtOGY4OC0zNDM2M2JjN2M0YzAiOnsiY3JlYXRlIjoxMjAwMDAwMDAwMDAwLCJkZWxldGUiOjEyMDAwMDAwMDAwMDAsInVwZGF0ZSI6MTIwMDAwMDAwMDAwMH19",
          "dependencies": [
            "google_compute_network.vpc_network",
            "google_compute_subnetwork.subnetwork"
          ]
        }
      ]
    },
    {
      "mode": "managed",
      "type": "google_compute_router_nat",
      "name": "nat",
      "provider": "provider[\"registry.terraform.io/hashicorp/google\"]",
      "instances": [
        {
          "schema_version": 0,
          "attributes": {
            "auto_network_tier": null,
            "deletion_policy": "DELETE",
            "drain_nat_ips": [],
            "enable_dynamic_port_allocation": false,
            "enable_endpoint_independent_mapping": false,
            "endpoint_types": [
              "ENDPOINT_TYPE_VM"
            ],
            "icmp_idle_timeout_sec": 30,
            "id": "c-gcp-project/asia-southeast2/c-temp-vpc-tf-router/c-temp-vpc-tf-natgw",
            "initial_nat_ips": null,
            "log_config": [
              {
                "enable": true,
                "filter": "ERRORS_ONLY"
              }
            ],
            "max_ports_per_vm": 0,
            "min_ports_per_vm": 0,
            "name": "c-temp-vpc-tf-natgw",
            "nat64_subnetwork": [],
            "nat_ip_allocate_option": "AUTO_ONLY",
            "nat_ips": [],
            "project": "c-gcp-project",
            "region": "asia-southeast2",
            "router": "c-temp-vpc-tf-router",
            "rules": [],
            "source_subnetwork_ip_ranges_to_nat": "ALL_SUBNETWORKS_ALL_IP_RANGES",
            "source_subnetwork_ip_ranges_to_nat64": "",
            "subnetwork": [],
            "tcp_established_idle_timeout_sec": 1200,
            "tcp_time_wait_timeout_sec": 120,
            "tcp_transitory_idle_timeout_sec": 30,
            "timeouts": null,
            "type": "PUBLIC",
            "udp_idle_timeout_sec": 30
          },
          "sensitive_attributes": [],
          "identity_schema_version": 1,
          "identity": {
            "name": "c-temp-vpc-tf-natgw",
            "project": "c-gcp-project",
            "region": "asia-southeast2",
            "router": "c-temp-vpc-tf-router"
          },
          "private": "eyJlMmJmYjczMC1lY2FhLTExZTYtOGY4OC0zNDM2M2JjN2M0YzAiOnsiY3JlYXRlIjoxMjAwMDAwMDAwMDAwLCJkZWxldGUiOjEyMDAwMDAwMDAwMDAsInVwZGF0ZSI6MTIwMDAwMDAwMDAwMH19",
          "dependencies": [
            "google_compute_network.vpc_network",
            "google_compute_router.router",
            "google_compute_subnetwork.subnetwork"
          ]
        }
      ]
    },
    {
      "mode": "managed",
      "type": "google_compute_subnetwork",
      "name": "subnetwork",
      "provider": "provider[\"registry.terraform.io/hashicorp/google\"]",
      "instances": [
        {
          "schema_version": 0,
          "attributes": {
            "allow_subnet_cidr_routes_overlap": false,
            "creation_timestamp": "2026-08-05T19:52:20.851-07:00",
            "deletion_policy": "DELETE",
            "description": "",
            "external_ipv6_prefix": "",
            "fingerprint": null,
            "gateway_address": "10.0.0.1",
            "id": "projects/c-gcp-project/regions/asia-southeast2/subnetworks/c-temp-vpc-tf-ase2-subnet1",
            "internal_ipv6_prefix": "",
            "ip_cidr_range": "10.0.0.0/24",
            "ip_collection": "",
            "ipv6_access_type": "",
            "ipv6_cidr_range": "",
            "ipv6_gce_endpoint": "",
            "log_config": [],
            "name": "c-temp-vpc-tf-ase2-subnet1",
            "network": "https://www.googleapis.com/compute/v1/projects/c-gcp-project/global/networks/c-temp-vpc-tf",
            "params": [],
            "private_ip_google_access": true,
            "private_ipv6_google_access": "DISABLE_GOOGLE_ACCESS",
            "project": "c-gcp-project",
            "purpose": "PRIVATE",
            "region": "asia-southeast2",
            "reserved_internal_range": "",
            "resolve_subnet_mask": "",
            "role": "",
            "secondary_ip_range": [],
            "self_link": "https://www.googleapis.com/compute/v1/projects/c-gcp-project/regions/asia-southeast2/subnetworks/c-temp-vpc-tf-ase2-subnet1",
            "send_secondary_ip_range_if_empty": null,
            "stack_type": "IPV4_ONLY",
            "state": "",
            "subnetwork_id": 7688256307737806859,
            "timeouts": null
          },
          "sensitive_attributes": [],
          "identity_schema_version": 1,
          "identity": {
            "name": "c-temp-vpc-tf-ase2-subnet1",
            "project": "c-gcp-project",
            "region": "asia-southeast2"
          },
          "private": "eyJlMmJmYjczMC1lY2FhLTExZTYtOGY4OC0zNDM2M2JjN2M0YzAiOnsiY3JlYXRlIjoxMjAwMDAwMDAwMDAwLCJkZWxldGUiOjEyMDAwMDAwMDAwMDAsInVwZGF0ZSI6MTIwMDAwMDAwMDAwMH19",
          "dependencies": [
            "google_compute_network.vpc_network"
          ]
        }
      ]
    },
    {
      "mode": "managed",
      "type": "google_service_account",
      "name": "primary_sa",
      "provider": "provider[\"registry.terraform.io/hashicorp/google\"]",
      "instances": [
        {
          "schema_version": 0,
          "attributes": {
            "account_id": "c-temp-tf-sa",
            "create_ignore_already_exists": null,
            "deletion_policy": "DELETE",
            "description": "",
            "disabled": false,
            "display_name": "Temporary SA for Temporary VM Instance (Terraform)",
            "email": "c-temp-tf-sa@c-gcp-project.iam.gserviceaccount.com",
            "id": "projects/c-gcp-project/serviceAccounts/c-temp-tf-sa@c-gcp-project.iam.gserviceaccount.com",
            "member": "serviceAccount:c-temp-tf-sa@c-gcp-project.iam.gserviceaccount.com",
            "name": "projects/c-gcp-project/serviceAccounts/c-temp-tf-sa@c-gcp-project.iam.gserviceaccount.com",
            "project": "c-gcp-project",
            "timeouts": null,
            "unique_id": "105581177922759495882"
          },
          "sensitive_attributes": [],
          "identity_schema_version": 1,
          "identity": {
            "email": "c-temp-tf-sa@c-gcp-project.iam.gserviceaccount.com",
            "project": "c-gcp-project"
          },
          "private": "eyJlMmJmYjczMC1lY2FhLTExZTYtOGY4OC0zNDM2M2JjN2M0YzAiOnsiY3JlYXRlIjozMDAwMDAwMDAwMDB9fQ=="
        }
      ]
    }
  ],
  "check_results": null
}
